{
  "name": "wiardo",
  "version": "1.0.0",
  "lockfileVersion": 1,
  "requires": true,
  "dependencies": {
    "@firebase/app": {
      "version": "0.6.16",
      "resolved": "https://registry.npmjs.org/@firebase/app/-/app-0.6.16.tgz",
      "integrity": "sha512-QGqfvDQ4AK54y2ysttdgtTsyuLGfN0OksdmWSHLDs7HBJg9nJkZUuFA/cJ1cftpPSVxpCbnro+OU1FtRgapzAA==",
      "requires": {
        "@firebase/app-types": "0.6.1",
        "@firebase/component": "0.2.1",
        "@firebase/logger": "0.2.6",
        "@firebase/util": "0.4.0",
        "dom-storage": "2.1.0",
        "tslib": "^2.0.0",
        "xmlhttprequest": "1.8.0"
      }
    },
    "@firebase/app-types": {
      "version": "0.6.1",
      "resolved": "https://registry.npmjs.org/@firebase/app-types/-/app-types-0.6.1.tgz",
      "integrity": "sha512-L/ZnJRAq7F++utfuoTKX4CLBG5YR7tFO3PLzG1/oXXKEezJ0kRL3CMRoueBEmTCzVb/6SIs2Qlaw++uDgi5Xyg=="
    },
    "@firebase/component": {
      "version": "0.2.1",
      "resolved": "https://registry.npmjs.org/@firebase/component/-/component-0.2.1.tgz",
      "integrity": "sha512-WfBFABfKYcRFjgMA7ydPLokSa+GkuZd+FD00KrZLAfslpHxs6cCFXdklvP8NEb1oDLqYakRXBqWdelH9/Whacg==",
      "requires": {
        "@firebase/util": "0.4.0",
        "tslib": "^2.0.0"
      }
    },
    "@firebase/logger": {
      "version": "0.2.6",
      "resolved": "https://registry.npmjs.org/@firebase/logger/-/logger-0.2.6.tgz",
      "integrity": "sha512-KIxcUvW/cRGWlzK9Vd2KB864HlUnCfdTH0taHE0sXW5Xl7+W68suaeau1oKNEqmc3l45azkd4NzXTCWZRZdXrw=="
    },
    "@firebase/util": {
      "version": "0.4.0",
      "resolved": "https://registry.npmjs.org/@firebase/util/-/util-0.4.0.tgz",
      "integrity": "sha512-z8A+9YGM61ZXQ2KBSVwxXaELOJjG+EQ374YolqNVMvWBJzTNGZGaVP81Ggl8XD10Xinyt1Dgdo86JDV0OAnvqA==",
      "requires": {
        "tslib": "^2.0.0"
      }
    },
    "dom-storage": {
      "version": "2.1.0",
      "resolved": "https://registry.npmjs.org/dom-storage/-/dom-storage-2.1.0.tgz",
      "integrity": "sha512-g6RpyWXzl0RR6OTElHKBl7nwnK87GUyZMYC7JWsB/IA73vpqK2K6LT39x4VepLxlSsWBFrPVLnsSR5Jyty0+2Q=="
    },
    "tslib": {
      "version": "2.1.0",
      "resolved": "https://registry.npmjs.org/tslib/-/tslib-2.1.0.tgz",
      "integrity": "sha512-hcVC3wYEziELGGmEEXue7D75zbwIIVUMWAVbHItGPx0ziyXxrOMQx4rQEVEV45Ut/1IotuEvwqPopzIOkDMf0A=="
    },
    "xmlhttprequest": {
      "version": "1.8.0",
      "resolved": "https://registry.npmjs.org/xmlhttprequest/-/xmlhttprequest-1.8.0.tgz",
      "integrity": "sha1-Z/4HXFwk/vOfnWX197f+dRcZaPw="
    }
  }
}
